{
  "version": 4,
  "terraform_version": "1.1.7",
  "serial": 5,
  "lineage": "b908821f-67a6-246c-459c-482cf62c3e31",
  "outputs": {
    "public_ip": {
      "value": {
        "us-east-1b": "us-east-1b",
        "us-east-1c": "us-east-1c"
      },
      "type": [
        "object",
        {
          "us-east-1b": "string",
          "us-east-1c": "string"
        }
      ]
    }
  },
  "resources": [
    {
      "module": "module.aws_ebs_snapshot[\"us-east-1b\"]",
      "mode": "managed",
      "type": "aws_ebs_snapshot",
      "name": "example_snapshot",
      "provider": "provider[\"registry.terraform.io/hashicorp/aws\"]",
      "instances": [
        {
          "schema_version": 0,
          "attributes": {
            "arn": "arn:aws:ec2:us-east-1::snapshot/snap-0f54f04fcbf298bd4",
            "data_encryption_key_id": "",
            "description": "",
            "encrypted": false,
            "id": "snap-0f54f04fcbf298bd4",
            "kms_key_id": "",
            "outpost_arn": "",
            "owner_alias": "",
            "owner_id": "676634049556",
            "permanent_restore": null,
            "storage_tier": "standard",
            "tags": {
              "Name": "test_tag"
            },
            "tags_all": {
              "Name": "test_tag"
            },
            "temporary_restore_days": null,
            "timeouts": null,
            "volume_id": "vol-0e9cfef206004c25b",
            "volume_size": 40
          },
          "sensitive_attributes": [],
          "private": "eyJlMmJmYjczMC1lY2FhLTExZTYtOGY4OC0zNDM2M2JjN2M0YzAiOnsiY3JlYXRlIjo2MDAwMDAwMDAwMDAsImRlbGV0ZSI6NjAwMDAwMDAwMDAwfX0=",
          "dependencies": [
            "module.aws_ebs_snapshot.aws_ebs_volume.example"
          ]
        }
      ]
    },
    {
      "module": "module.aws_ebs_snapshot[\"us-east-1b\"]",
      "mode": "managed",
      "type": "aws_ebs_volume",
      "name": "example",
      "provider": "provider[\"registry.terraform.io/hashicorp/aws\"]",
      "instances": [
        {
          "schema_version": 0,
          "attributes": {
            "arn": "arn:aws:ec2:us-east-1:676634049556:volume/vol-0e9cfef206004c25b",
            "availability_zone": "us-east-1b",
            "encrypted": false,
            "id": "vol-0e9cfef206004c25b",
            "iops": 120,
            "kms_key_id": "",
            "multi_attach_enabled": false,
            "outpost_arn": "",
            "size": 40,
            "snapshot_id": "",
            "tags": {
              "Name": "Test_ebs_snapshot"
            },
            "tags_all": {
              "Name": "Test_ebs_snapshot"
            },
            "throughput": 0,
            "type": "gp2"
          },
          "sensitive_attributes": [],
          "private": "bnVsbA=="
        }
      ]
    },
    {
      "module": "module.aws_ebs_snapshot[\"us-east-1c\"]",
      "mode": "managed",
      "type": "aws_ebs_snapshot",
      "name": "example_snapshot",
      "provider": "provider[\"registry.terraform.io/hashicorp/aws\"]",
      "instances": [
        {
          "schema_version": 0,
          "attributes": {
            "arn": "arn:aws:ec2:us-east-1::snapshot/snap-0b8ddf7c96b405a86",
            "data_encryption_key_id": "",
            "description": "",
            "encrypted": false,
            "id": "snap-0b8ddf7c96b405a86",
            "kms_key_id": "",
            "outpost_arn": "",
            "owner_alias": "",
            "owner_id": "676634049556",
            "permanent_restore": null,
            "storage_tier": "standard",
            "tags": {
              "Name": "test_tag"
            },
            "tags_all": {
              "Name": "test_tag"
            },
            "temporary_restore_days": null,
            "timeouts": null,
            "volume_id": "vol-0e52a0912ba024b6d",
            "volume_size": 40
          },
          "sensitive_attributes": [],
          "private": "eyJlMmJmYjczMC1lY2FhLTExZTYtOGY4OC0zNDM2M2JjN2M0YzAiOnsiY3JlYXRlIjo2MDAwMDAwMDAwMDAsImRlbGV0ZSI6NjAwMDAwMDAwMDAwfX0=",
          "dependencies": [
            "module.aws_ebs_snapshot.aws_ebs_volume.example"
          ]
        }
      ]
    },
    {
      "module": "module.aws_ebs_snapshot[\"us-east-1c\"]",
      "mode": "managed",
      "type": "aws_ebs_volume",
      "name": "example",
      "provider": "provider[\"registry.terraform.io/hashicorp/aws\"]",
      "instances": [
        {
          "schema_version": 0,
          "attributes": {
            "arn": "arn:aws:ec2:us-east-1:676634049556:volume/vol-0e52a0912ba024b6d",
            "availability_zone": "us-east-1c",
            "encrypted": false,
            "id": "vol-0e52a0912ba024b6d",
            "iops": 120,
            "kms_key_id": "",
            "multi_attach_enabled": false,
            "outpost_arn": "",
            "size": 40,
            "snapshot_id": "",
            "tags": {
              "Name": "Test_ebs_snapshot"
            },
            "tags_all": {
              "Name": "Test_ebs_snapshot"
            },
            "throughput": 0,
            "type": "gp2"
          },
          "sensitive_attributes": [],
          "private": "bnVsbA=="
        }
      ]
    }
  ]
}
